<?xml version="1.0" encoding="utf-8"?>
<Project ToolsVersion="4.0" xmlns="http://schemas.microsoft.com/developer/msbuild/2003">
  <ItemGroup>
    <Filter Include="Form Files">
      <UniqueIdentifier>{99349809-55BA-4b9d-BF79-8FDBB0286EB3}</UniqueIdentifier>
      <Extensions>ui</Extensions>
      <ParseFiles>false</ParseFiles>
    </Filter>
    <Filter Include="Form Files">
      <UniqueIdentifier>{99349809-55BA-4b9d-BF79-8FDBB0286EB3}</UniqueIdentifier>
      <Extensions>ui</Extensions>
      <ParseFiles>false</ParseFiles>
    </Filter>
    <Filter Include="Generated Files">
      <UniqueIdentifier>{71ED8ED8-ACB9-4CE9-BBE1-E00B30144E11}</UniqueIdentifier>
      <Extensions>cpp;c;cxx;moc;h;def;odl;idl;res;</Extensions>
    </Filter>
    <Filter Include="Generated Files">
      <UniqueIdentifier>{71ED8ED8-ACB9-4CE9-BBE1-E00B30144E11}</UniqueIdentifier>
      <Extensions>cpp;c;cxx;moc;h;def;odl;idl;res;</Extensions>
    </Filter>
    <Filter Include="Header Files">
      <UniqueIdentifier>{93995380-89BD-4b04-88EB-625FBE52EBFB}</UniqueIdentifier>
      <Extensions>h;hpp;hxx;hm;inl;inc;xsd</Extensions>
    </Filter>
    <Filter Include="Header Files">
      <UniqueIdentifier>{93995380-89BD-4b04-88EB-625FBE52EBFB}</UniqueIdentifier>
      <Extensions>h;hpp;hxx;hm;inl;inc;xsd</Extensions>
    </Filter>
    <Filter Include="Resource Files">
      <UniqueIdentifier>{D9D6E242-F8AF-46E4-B9FD-80ECBC20BA3E}</UniqueIdentifier>
      <Extensions>qrc;*</Extensions>
      <ParseFiles>false</ParseFiles>
    </Filter>
    <Filter Include="Resource Files">
      <UniqueIdentifier>{D9D6E242-F8AF-46E4-B9FD-80ECBC20BA3E}</UniqueIdentifier>
      <Extensions>qrc;*</Extensions>
      <ParseFiles>false</ParseFiles>
    </Filter>
    <Filter Include="Source Files">
      <UniqueIdentifier>{4FC737F1-C7A5-4376-A066-2A32D752A2FF}</UniqueIdentifier>
      <Extensions>cpp;c;cxx;def;odl;idl;hpj;bat;asm;asmx</Extensions>
    </Filter>
    <Filter Include="Source Files">
      <UniqueIdentifier>{4FC737F1-C7A5-4376-A066-2A32D752A2FF}</UniqueIdentifier>
      <Extensions>cpp;c;cxx;def;odl;idl;hpj;bat;asm;asmx</Extensions>
    </Filter>
    <Filter Include="Translation Files">
      <UniqueIdentifier>{639EADAA-A684-42e4-A9AD-28FC9BCB8F7C}</UniqueIdentifier>
      <Extensions>ts;xlf</Extensions>
      <ParseFiles>false</ParseFiles>
    </Filter>
    <Filter Include="Translation Files">
      <UniqueIdentifier>{639EADAA-A684-42e4-A9AD-28FC9BCB8F7C}</UniqueIdentifier>
      <Extensions>ts;xlf</Extensions>
      <ParseFiles>false</ParseFiles>
    </Filter>
  </ItemGroup>
  <ItemGroup>
    <ClCompile Include="aboutdialog.cpp">
      <Filter>Source Files</Filter>
    </ClCompile>
    <ClCompile Include="application.cpp">
      <Filter>Source Files</Filter>
    </ClCompile>
    <ClCompile Include="applicationdialog.cpp">
      <Filter>Source Files</Filter>
    </ClCompile>
    <ClCompile Include="applicationlist.cpp">
      <Filter>Source Files</Filter>
    </ClCompile>
    <ClCompile Include="checkstatistics.cpp">
      <Filter>Source Files</Filter>
    </ClCompile>
    <ClCompile Include="checkthread.cpp">
      <Filter>Source Files</Filter>
    </ClCompile>
    <ClCompile Include="codeeditor.cpp">
      <Filter>Source Files</Filter>
    </ClCompile>
    <ClCompile Include="common.cpp">
      <Filter>Source Files</Filter>
    </ClCompile>
    <ClCompile Include="cppchecklibrarydata.cpp">
      <Filter>Source Files</Filter>
    </ClCompile>
    <ClCompile Include="csvreport.cpp">
      <Filter>Source Files</Filter>
    </ClCompile>
    <ClCompile Include="erroritem.cpp">
      <Filter>Source Files</Filter>
    </ClCompile>
    <ClCompile Include="filelist.cpp">
      <Filter>Source Files</Filter>
    </ClCompile>
    <ClCompile Include="fileviewdialog.cpp">
      <Filter>Source Files</Filter>
    </ClCompile>
    <ClCompile Include="libraryaddfunctiondialog.cpp">
      <Filter>Source Files</Filter>
    </ClCompile>
    <ClCompile Include="librarydialog.cpp">
      <Filter>Source Files</Filter>
    </ClCompile>
    <ClCompile Include="libraryeditargdialog.cpp">
      <Filter>Source Files</Filter>
    </ClCompile>
    <ClCompile Include="main.cpp">
      <Filter>Source Files</Filter>
    </ClCompile>
    <ClCompile Include="mainwindow.cpp">
      <Filter>Source Files</Filter>
    </ClCompile>
    <ClCompile Include="newsuppressiondialog.cpp">
      <Filter>Source Files</Filter>
    </ClCompile>
    <ClCompile Include="platforms.cpp">
      <Filter>Source Files</Filter>
    </ClCompile>
    <ClCompile Include="printablereport.cpp">
      <Filter>Source Files</Filter>
    </ClCompile>
    <ClCompile Include="projectfile.cpp">
      <Filter>Source Files</Filter>
    </ClCompile>
    <ClCompile Include="projectfiledialog.cpp">
      <Filter>Source Files</Filter>
    </ClCompile>
    <ClCompile Include="report.cpp">
      <Filter>Source Files</Filter>
    </ClCompile>
    <ClCompile Include="resultstree.cpp">
      <Filter>Source Files</Filter>
    </ClCompile>
    <ClCompile Include="resultsview.cpp">
      <Filter>Source Files</Filter>
    </ClCompile>
    <ClCompile Include="scratchpad.cpp">
      <Filter>Source Files</Filter>
    </ClCompile>
    <ClCompile Include="settingsdialog.cpp">
      <Filter>Source Files</Filter>
    </ClCompile>
    <ClCompile Include="showtypes.cpp">
      <Filter>Source Files</Filter>
    </ClCompile>
    <ClCompile Include="statsdialog.cpp">
      <Filter>Source Files</Filter>
    </ClCompile>
    <ClCompile Include="threadhandler.cpp">
      <Filter>Source Files</Filter>
    </ClCompile>
    <ClCompile Include="threadresult.cpp">
      <Filter>Source Files</Filter>
    </ClCompile>
    <ClCompile Include="translationhandler.cpp">
      <Filter>Source Files</Filter>
    </ClCompile>
    <ClCompile Include="txtreport.cpp">
      <Filter>Source Files</Filter>
    </ClCompile>
    <ClCompile Include="xmlreport.cpp">
      <Filter>Source Files</Filter>
    </ClCompile>
    <ClCompile Include="xmlreportv2.cpp">
      <Filter>Source Files</Filter>
    </ClCompile>
  </ItemGroup>
  <ItemGroup>
    <CustomBuild Include="aboutdialog.h">
      <Filter>Header Files</Filter>
    </CustomBuild>
    <ClInclude Include="application.h">
      <Filter>Header Files</Filter>
    </ClInclude>
    <CustomBuild Include="applicationdialog.h">
      <Filter>Header Files</Filter>
    </CustomBuild>
    <CustomBuild Include="applicationlist.h">
      <Filter>Header Files</Filter>
    </CustomBuild>
    <ClInclude Include="checkstatistics.h">
      <Filter>Header Files</Filter>
    </ClInclude>
    <CustomBuild Include="checkthread.h">
      <Filter>Header Files</Filter>
    </CustomBuild>
    <CustomBuild Include="codeeditor.h">
      <Filter>Header Files</Filter>
    </CustomBuild>
    <ClInclude Include="common.h">
      <Filter>Header Files</Filter>
    </ClInclude>
    <ClInclude Include="cppchecklibrarydata.h">
      <Filter>Header Files</Filter>
    </ClInclude>
    <ClInclude Include="csvreport.h">
      <Filter>Header Files</Filter>
    </ClInclude>
    <ClInclude Include="erroritem.h">
      <Filter>Header Files</Filter>
    </ClInclude>
    <ClInclude Include="filelist.h">
      <Filter>Header Files</Filter>
    </ClInclude>
    <CustomBuild Include="fileviewdialog.h">
      <Filter>Header Files</Filter>
    </CustomBuild>
    <CustomBuild Include="libraryaddfunctiondialog.h">
      <Filter>Header Files</Filter>
    </CustomBuild>
    <CustomBuild Include="librarydialog.h">
      <Filter>Header Files</Filter>
    </CustomBuild>
    <CustomBuild Include="libraryeditargdialog.h">
      <Filter>Header Files</Filter>
    </CustomBuild>
    <CustomBuild Include="mainwindow.h">
      <Filter>Header Files</Filter>
    </CustomBuild>
    <CustomBuild Include="newsuppressiondialog.h">
      <Filter>Header Files</Filter>
    </CustomBuild>
    <CustomBuild Include="platforms.h">
      <Filter>Header Files</Filter>
    </CustomBuild>
    <ClInclude Include="printablereport.h">
      <Filter>Header Files</Filter>
    </ClInclude>
    <CustomBuild Include="projectfiledialog.h">
      <Filter>Header Files</Filter>
    </CustomBuild>
    <ClInclude Include="report.h">
      <Filter>Header Files</Filter>
    </ClInclude>
    <CustomBuild Include="resultstree.h">
      <Filter>Header Files</Filter>
    </CustomBuild>
    <CustomBuild Include="resultsview.h">
      <Filter>Header Files</Filter>
    </CustomBuild>
    <CustomBuild Include="scratchpad.h">
      <Filter>Header Files</Filter>
    </CustomBuild>
    <CustomBuild Include="settingsdialog.h">
      <Filter>Header Files</Filter>
    </CustomBuild>
    <ClInclude Include="showtypes.h">
      <Filter>Header Files</Filter>
    </ClInclude>
    <CustomBuild Include="statsdialog.h">
      <Filter>Header Files</Filter>
    </CustomBuild>
    <CustomBuild Include="threadhandler.h">
      <Filter>Header Files</Filter>
    </CustomBuild>
    <CustomBuild Include="threadresult.h">
      <Filter>Header Files</Filter>
    </CustomBuild>
    <CustomBuild Include="translationhandler.h">
      <Filter>Header Files</Filter>
    </CustomBuild>
    <CustomBuild Include="txtreport.h">
      <Filter>Header Files</Filter>
    </CustomBuild>
    <ClInclude Include="..\lib\version.h">
      <Filter>Header Files</Filter>
    </ClInclude>
    <ClInclude Include="xmlreport.h">
      <Filter>Header Files</Filter>
    </ClInclude>
    <ClInclude Include="xmlreportv2.h">
      <Filter>Header Files</Filter>
    </ClInclude>
  </ItemGroup>
  <ItemGroup>
    <ClCompile Include="temp\generated\moc_aboutdialog.cpp">
      <Filter>Generated Files</Filter>
    </ClCompile>
    <ClCompile Include="temp\generated\moc_applicationdialog.cpp">
      <Filter>Generated Files</Filter>
    </ClCompile>
    <ClCompile Include="temp\generated\moc_applicationlist.cpp">
      <Filter>Generated Files</Filter>
    </ClCompile>
    <ClCompile Include="temp\generated\moc_checkthread.cpp">
      <Filter>Generated Files</Filter>
    </ClCompile>
    <ClCompile Include="temp\generated\moc_codeeditor.cpp">
      <Filter>Generated Files</Filter>
    </ClCompile>
    <ClCompile Include="temp\generated\moc_fileviewdialog.cpp">
      <Filter>Generated Files</Filter>
    </ClCompile>
    <ClCompile Include="temp\generated\moc_libraryaddfunctiondialog.cpp">
      <Filter>Generated Files</Filter>
    </ClCompile>
    <ClCompile Include="temp\generated\moc_librarydialog.cpp">
      <Filter>Generated Files</Filter>
    </ClCompile>
    <ClCompile Include="temp\generated\moc_libraryeditargdialog.cpp">
      <Filter>Generated Files</Filter>
    </ClCompile>
    <ClCompile Include="temp\generated\moc_mainwindow.cpp">
      <Filter>Generated Files</Filter>
    </ClCompile>
    <ClCompile Include="temp\generated\moc_newsuppressiondialog.cpp">
      <Filter>Generated Files</Filter>
    </ClCompile>
    <ClCompile Include="temp\generated\moc_platforms.cpp">
      <Filter>Generated Files</Filter>
    </ClCompile>
    <ClCompile Include="temp\generated\moc_projectfiledialog.cpp">
      <Filter>Generated Files</Filter>
    </ClCompile>
    <ClCompile Include="temp\generated\moc_resultstree.cpp">
      <Filter>Generated Files</Filter>
    </ClCompile>
    <ClCompile Include="temp\generated\moc_resultsview.cpp">
      <Filter>Generated Files</Filter>
    </ClCompile>
    <ClCompile Include="temp\generated\moc_scratchpad.cpp">
      <Filter>Generated Files</Filter>
    </ClCompile>
    <ClCompile Include="temp\generated\moc_settingsdialog.cpp">
      <Filter>Generated Files</Filter>
    </ClCompile>
    <ClCompile Include="temp\generated\moc_statsdialog.cpp">
      <Filter>Generated Files</Filter>
    </ClCompile>
    <ClCompile Include="temp\generated\moc_threadhandler.cpp">
      <Filter>Generated Files</Filter>
    </ClCompile>
    <ClCompile Include="temp\generated\moc_threadresult.cpp">
      <Filter>Generated Files</Filter>
    </ClCompile>
    <ClCompile Include="temp\generated\moc_translationhandler.cpp">
      <Filter>Generated Files</Filter>
    </ClCompile>
    <ClCompile Include="temp\generated\moc_txtreport.cpp">
      <Filter>Generated Files</Filter>
    </ClCompile>
    <ClCompile Include="temp\generated\qrc_gui.cpp">
      <Filter>Generated Files</Filter>
    </ClCompile>
    <ClInclude Include="temp\generated\ui_about.h">
      <Filter>Generated Files</Filter>
    </ClInclude>
    <ClInclude Include="temp\generated\ui_application.h">
      <Filter>Generated Files</Filter>
    </ClInclude>
    <ClInclude Include="temp\generated\ui_file.h">
      <Filter>Generated Files</Filter>
    </ClInclude>
    <ClInclude Include="temp\generated\ui_libraryaddfunctiondialog.h">
      <Filter>Generated Files</Filter>
    </ClInclude>
    <ClInclude Include="temp\generated\ui_librarydialog.h">
      <Filter>Generated Files</Filter>
    </ClInclude>
    <ClInclude Include="temp\generated\ui_libraryeditargdialog.h">
      <Filter>Generated Files</Filter>
    </ClInclude>
    <ClInclude Include="temp\generated\ui_mainwindow.h">
      <Filter>Generated Files</Filter>
    </ClInclude>
    <ClInclude Include="temp\generated\ui_newsuppressiondialog.h">
      <Filter>Generated Files</Filter>
    </ClInclude>
    <ClInclude Include="temp\generated\ui_projectfiledialog.h">
      <Filter>Generated Files</Filter>
    </ClInclude>
    <ClInclude Include="temp\generated\ui_resultsview.h">
      <Filter>Generated Files</Filter>
    </ClInclude>
    <ClInclude Include="temp\generated\ui_scratchpad.h">
      <Filter>Generated Files</Filter>
    </ClInclude>
    <ClInclude Include="temp\generated\ui_settings.h">
      <Filter>Generated Files</Filter>
    </ClInclude>
    <ClInclude Include="temp\generated\ui_stats.h">
      <Filter>Generated Files</Filter>
    </ClInclude>
  </ItemGroup>
  <ItemGroup>
    <None Include="cppcheck_de.ts">
      <Filter>Translation Files</Filter>
    </None>
    <None Include="cppcheck_es.ts">
      <Filter>Translation Files</Filter>
    </None>
    <None Include="cppcheck_fi.ts">
      <Filter>Translation Files</Filter>
    </None>
    <None Include="cppcheck_fr.ts">
      <Filter>Translation Files</Filter>
    </None>
    <None Include="cppcheck_it.ts">
      <Filter>Translation Files</Filter>
    </None>
    <None Include="cppcheck_ja.ts">
      <Filter>Translation Files</Filter>
    </None>
    <None Include="cppcheck_ko.ts">
      <Filter>Translation Files</Filter>
    </None>
    <None Include="cppcheck_nl.ts">
      <Filter>Translation Files</Filter>
    </None>
    <None Include="cppcheck_ru.ts">
      <Filter>Translation Files</Filter>
    </None>
    <None Include="cppcheck_sr.ts">
      <Filter>Translation Files</Filter>
    </None>
    <None Include="cppcheck_sv.ts">
      <Filter>Translation Files</Filter>
    </None>
    <None Include="cppcheck_zh_CN.ts">
      <Filter>Translation Files</Filter>
    </None>
  </ItemGroup>
  <ItemGroup>
    <CustomBuild Include="about.ui">
      <Filter>Form Files</Filter>
    </CustomBuild>
    <CustomBuild Include="application.ui">
      <Filter>Form Files</Filter>
    </CustomBuild>
    <CustomBuild Include="file.ui">
      <Filter>Form Files</Filter>
    </CustomBuild>
    <CustomBuild Include="libraryaddfunctiondialog.ui">
      <Filter>Form Files</Filter>
    </CustomBuild>
    <CustomBuild Include="librarydialog.ui">
      <Filter>Form Files</Filter>
    </CustomBuild>
    <CustomBuild Include="libraryeditargdialog.ui">
      <Filter>Form Files</Filter>
    </CustomBuild>
    <CustomBuild Include="mainwindow.ui">
      <Filter>Form Files</Filter>
    </CustomBuild>
    <CustomBuild Include="newsuppressiondialog.ui">
      <Filter>Form Files</Filter>
    </CustomBuild>
    <CustomBuild Include="projectfiledialog.ui">
      <Filter>Form Files</Filter>
    </CustomBuild>
    <CustomBuild Include="resultsview.ui">
      <Filter>Form Files</Filter>
    </CustomBuild>
    <CustomBuild Include="scratchpad.ui">
      <Filter>Form Files</Filter>
    </CustomBuild>
    <CustomBuild Include="settings.ui">
      <Filter>Form Files</Filter>
    </CustomBuild>
    <CustomBuild Include="stats.ui">
      <Filter>Form Files</Filter>
    </CustomBuild>
  </ItemGroup>
  <ItemGroup>
    <None Include="..\AUTHORS">
      <Filter>Resource Files</Filter>
    </None>
    <None Include="..\COPYING">
      <Filter>Resource Files</Filter>
    </None>
    <None Include="images\applications-development.png">
      <Filter>Resource Files</Filter>
    </None>
    <None Include="images\applications-system.png">
      <Filter>Resource Files</Filter>
    </None>
    <None Include="cppcheck-gui.png">
      <Filter>Resource Files</Filter>
    </None>
    <None Include="images\dialog-error.png">
      <Filter>Resource Files</Filter>
    </None>
    <None Include="images\dialog-information.png">
      <Filter>Resource Files</Filter>
    </None>
    <None Include="images\dialog-warning.png">
      <Filter>Resource Files</Filter>
    </None>
    <None Include="images\edit-clear.png">
      <Filter>Resource Files</Filter>
    </None>
    <None Include="images\go-down.png">
      <Filter>Resource Files</Filter>
    </None>
    <None Include="images\go-home.png">
      <Filter>Resource Files</Filter>
    </None>
    <None Include="images\go-next.png">
      <Filter>Resource Files</Filter>
    </None>
    <None Include="images\go-previous.png">
      <Filter>Resource Files</Filter>
    </None>
    <CustomBuild Include="gui.qrc">
      <Filter>Resource Files</Filter>
    </CustomBuild>
    <None Include="images\help-browser.png">
      <Filter>Resource Files</Filter>
    </None>
    <None Include="images\llvm-dragon.png">
      <Filter>Resource Files</Filter>
    </None>
    <None Include="images\media-floppy.png">
      <Filter>Resource Files</Filter>
    </None>
    <None Include="images\openproject.png">
      <Filter>Resource Files</Filter>
    </None>
    <None Include="images\preferences-system.png">
      <Filter>Resource Files</Filter>
    </None>
    <None Include="images\process-stop.png">
      <Filter>Resource Files</Filter>
    </None>
    <None Include="images\scratchpad.png">
      <Filter>Resource Files</Filter>
    </None>
    <None Include="images\showerrors.png">
      <Filter>Resource Files</Filter>
    </None>
    <None Include="images\showperformance.png">
      <Filter>Resource Files</Filter>
    </None>
    <None Include="images\showstylewarnings.png">
      <Filter>Resource Files</Filter>
    </None>
    <None Include="images\showwarnings.png">
      <Filter>Resource Files</Filter>
    </None>
    <None Include="images\text-x-generic.png">
      <Filter>Resource Files</Filter>
    </None>
    <None Include="images\utilities-system-monitor.png">
      <Filter>Resource Files</Filter>
    </None>
    <None Include="images\view-recheck.png">
      <Filter>Resource Files</Filter>
    </None>
    <None Include="images\view-refresh.png">
      <Filter>Resource Files</Filter>
    </None>
  </ItemGroup>
  <ItemGroup>
    <ResourceCompile Include="cppcheck-gui.rc" />
  </ItemGroup>
  <ItemGroup>
    <ClInclude Include="projectfile.h">
      <Filter>Header Files</Filter>
    </ClInclude>
  </ItemGroup>
</Project>